
Microsoft Visual Studio Solution File, Format Version 12.00
# Visual Studio 15
VisualStudioVersion = 15.0.28010.2003
MinimumVisualStudioVersion = 10.0.40219.1
Project("{8BC9CEB8-8B4A-11D0-8D11-00A0C91BC942}") = "WinApp", "WinApp.vcxproj", "{74489B5B-D710-4A44-9967-04AC90E3C236}"
EndProject
Global
	GlobalSection(SolutionConfigurationPlatforms) = preSolution
		Debug|x64 = Debug|x64
		Debug|x86 = Debug|x86
		Release|x64 = Release|x64
		Release|x86 = Release|x86
	EndGlobalSection
	GlobalSection(ProjectConfigurationPlatforms) = postSolution
		{74489B5B-D710-4A44-9967-04AC90E3C236}.Debug|x64.ActiveCfg = Debug|x64
		{74489B5B-D710-4A44-9967-04AC90E3C236}.Debug|x64.Build.0 = Debug|x64
		{74489B5B-D710-4A44-9967-04AC90E3C236}.Debug|x86.ActiveCfg = Debug|Win32
		{74489B5B-D710-4A44-9967-04AC90E3C236}.Debug|x86.Build.0 = Debug|Win32
		{74489B5B-D710-4A44-9967-04AC90E3C236}.Release|x64.ActiveCfg = Release|x64
		{74489B5B-D710-4A44-9967-04AC90E3C236}.Release|x64.Build.0 = Release|x64
		{74489B5B-D710-4A44-9967-04AC90E3C236}.Release|x86.ActiveCfg = Release|Win32
		{74489B5B-D710-4A44-9967-04AC90E3C236}.Release|x86.Build.0 = Release|Win32
	EndGlobalSection
	GlobalSection(SolutionProperties) = preSolution
		HideSolutionNode = FALSE
	EndGlobalSection
	GlobalSection(ExtensibilityGlobals) = postSolution
		SolutionGuid = {95EAB4A8-0659-4DED-A8CB-BD245F4EA848}
	EndGlobalSection
EndGlobal
