
Microsoft Visual Studio Solution File, Format Version 12.00
# Visual Studio 15
VisualStudioVersion = 15.0.28010.2003
MinimumVisualStudioVersion = 10.0.40219.1
Project("{8BC9CEB8-8B4A-11D0-8D11-00A0C91BC942}") = "TCPServer_FixedVariable", "TCPServer_FixedVariable.vcxproj", "{600031C1-8041-41E9-B015-5EDF6083C10F}"
EndProject
Global
	GlobalSection(SolutionConfigurationPlatforms) = preSolution
		Debug|x64 = Debug|x64
		Debug|x86 = Debug|x86
		Release|x64 = Release|x64
		Release|x86 = Release|x86
	EndGlobalSection
	GlobalSection(ProjectConfigurationPlatforms) = postSolution
		{600031C1-8041-41E9-B015-5EDF6083C10F}.Debug|x64.ActiveCfg = Debug|x64
		{600031C1-8041-41E9-B015-5EDF6083C10F}.Debug|x64.Build.0 = Debug|x64
		{600031C1-8041-41E9-B015-5EDF6083C10F}.Debug|x86.ActiveCfg = Debug|Win32
		{600031C1-8041-41E9-B015-5EDF6083C10F}.Debug|x86.Build.0 = Debug|Win32
		{600031C1-8041-41E9-B015-5EDF6083C10F}.Release|x64.ActiveCfg = Release|x64
		{600031C1-8041-41E9-B015-5EDF6083C10F}.Release|x64.Build.0 = Release|x64
		{600031C1-8041-41E9-B015-5EDF6083C10F}.Release|x86.ActiveCfg = Release|Win32
		{600031C1-8041-41E9-B015-5EDF6083C10F}.Release|x86.Build.0 = Release|Win32
	EndGlobalSection
	GlobalSection(SolutionProperties) = preSolution
		HideSolutionNode = FALSE
	EndGlobalSection
	GlobalSection(ExtensibilityGlobals) = postSolution
		SolutionGuid = {DEFBC10A-B43E-4DB4-A2BE-1B8E99B6B049}
	EndGlobalSection
EndGlobal
